{
  "nodes": {
    "nixpkgs": {
      "locked": {
        "lastModified": 1678768784,
        "narHash": "sha256-g0ps1RQwWaZNNCKzS6ODfYEMm7xkEDgKv4SOXDFLAMI=",
        "owner": "nixos",
        "repo": "nixpkgs",
        "rev": "f5e539fae746356f863afc901417c8b7d2b1600a",
        "type": "github"
      },
      "original": {
        "id": "nixpkgs",
        "type": "indirect"
      }
    },
    "root": {
      "inputs": {
        "nixpkgs": "nixpkgs"
      }
    }
  },
  "root": "root",
  "version": 7
}
