{
  "nodes": {
    "nixpkgs": {
      "locked": {
        "lastModified": 1677340592,
        "narHash": "sha256-Ao6yd+mox7T1kMhyou12i0fThl9iHoJIHY4Scf/6z68=",
        "owner": "nixos",
        "repo": "nixpkgs",
        "rev": "51e79b0ff380c26e571671edb2dfb6f2bb6809a6",
        "type": "github"
      },
      "original": {
        "id": "nixpkgs",
        "type": "indirect"
      }
    },
    "root": {
      "inputs": {
        "nixpkgs": "nixpkgs"
      }
    }
  },
  "root": "root",
  "version": 7
}
