{
  "nodes": {
    "nixpkgs": {
      "locked": {
        "lastModified": 1653374083,
        "narHash": "sha256-eqe9HgtVh4CvGJ4mwU1DiJGjOGOD/LdG4aHZATfdXOo=",
        "owner": "NixOS",
        "repo": "nixpkgs",
        "rev": "d8aa087f1cd6afe36ef8de56a97fd2b09b0dec5c",
        "type": "github"
      },
      "original": {
        "id": "nixpkgs",
        "type": "indirect"
      }
    },
    "root": {
      "inputs": {
        "nixpkgs": "nixpkgs"
      }
    }
  },
  "root": "root",
  "version": 7
}
